
Microsoft Visual Studio Solution File, Format Version 12.00
# Visual Studio 15
VisualStudioVersion = 15.0.26228.4
MinimumVisualStudioVersion = 10.0.40219.1
Project("{FAE04EC0-301F-11D3-BF4B-00C04F79EFBC}") = "TrainingStartUp", "TrainingStartUp\TrainingStartUp.csproj", "{2540C1FE-4AFC-4501-BB56-914C8BD26A28}"
EndProject
Project("{FAE04EC0-301F-11D3-BF4B-00C04F79EFBC}") = "SOLID", "SOLID\SOLID.csproj", "{8D02B6E2-8CA4-4E83-A83F-69FA2542695B}"
EndProject
Project("{FAE04EC0-301F-11D3-BF4B-00C04F79EFBC}") = "EntityFramework", "EntityFramework\EntityFramework.csproj", "{AFAF0E18-2578-4C66-9219-EF652AEAA6C4}"
EndProject
Global
	GlobalSection(SolutionConfigurationPlatforms) = preSolution
		Debug|Any CPU = Debug|Any CPU
		Release|Any CPU = Release|Any CPU
	EndGlobalSection
	GlobalSection(ProjectConfigurationPlatforms) = postSolution
		{2540C1FE-4AFC-4501-BB56-914C8BD26A28}.Debug|Any CPU.ActiveCfg = Debug|Any CPU
		{2540C1FE-4AFC-4501-BB56-914C8BD26A28}.Debug|Any CPU.Build.0 = Debug|Any CPU
		{2540C1FE-4AFC-4501-BB56-914C8BD26A28}.Release|Any CPU.ActiveCfg = Release|Any CPU
		{2540C1FE-4AFC-4501-BB56-914C8BD26A28}.Release|Any CPU.Build.0 = Release|Any CPU
		{8D02B6E2-8CA4-4E83-A83F-69FA2542695B}.Debug|Any CPU.ActiveCfg = Debug|Any CPU
		{8D02B6E2-8CA4-4E83-A83F-69FA2542695B}.Debug|Any CPU.Build.0 = Debug|Any CPU
		{8D02B6E2-8CA4-4E83-A83F-69FA2542695B}.Release|Any CPU.ActiveCfg = Release|Any CPU
		{8D02B6E2-8CA4-4E83-A83F-69FA2542695B}.Release|Any CPU.Build.0 = Release|Any CPU
		{AFAF0E18-2578-4C66-9219-EF652AEAA6C4}.Debug|Any CPU.ActiveCfg = Debug|Any CPU
		{AFAF0E18-2578-4C66-9219-EF652AEAA6C4}.Debug|Any CPU.Build.0 = Debug|Any CPU
		{AFAF0E18-2578-4C66-9219-EF652AEAA6C4}.Release|Any CPU.ActiveCfg = Release|Any CPU
		{AFAF0E18-2578-4C66-9219-EF652AEAA6C4}.Release|Any CPU.Build.0 = Release|Any CPU
	EndGlobalSection
	GlobalSection(SolutionProperties) = preSolution
		HideSolutionNode = FALSE
	EndGlobalSection
EndGlobal
